// !$*UTF8*$!
{
	archiveVersion = 1;
	classes = {
	};
	objectVersion = 46;
	objects = {

/* Begin PBXBuildFile section */
		D35630DA1DB5C1CE005F766B /* main.m in Sources */ = {isa = PBXBuildFile; fileRef = D35630D91DB5C1CE005F766B /* main.m */; };
		D35630DD1DB5C1CE005F766B /* AppDelegate.m in Sources */ = {isa = PBXBuildFile; fileRef = D35630DC1DB5C1CE005F766B /* AppDelegate.m */; };
		D35630E01DB5C1CE005F766B /* ViewController.m in Sources */ = {isa = PBXBuildFile; fileRef = D35630DF1DB5C1CE005F766B /* ViewController.m */; };
		D35630E31DB5C1CE005F766B /* Main.storyboard in Resources */ = {isa = PBXBuildFile; fileRef = D35630E11DB5C1CE005F766B /* Main.storyboard */; };
		D35630E51DB5C1CE005F766B /* Assets.xcassets in Resources */ = {isa = PBXBuildFile; fileRef = D35630E41DB5C1CE005F766B /* Assets.xcassets */; };
		D35630E81DB5C1CE005F766B /* LaunchScreen.storyboard in Resources */ = {isa = PBXBuildFile; fileRef = D35630E61DB5C1CE005F766B /* LaunchScreen.storyboard */; };
		D35630F31DB5C1CE005F766B /* wechat2_0UITests.m in Sources */ = {isa = PBXBuildFile; fileRef = D35630F21DB5C1CE005F766B /* wechat2_0UITests.m */; };
/* End PBXBuildFile section */

/* Begin PBXContainerItemProxy section */
		D35630EF1DB5C1CE005F766B /* PBXContainerItemProxy */ = {
			isa = PBXContainerItemProxy;
			containerPortal = D35630CD1DB5C1CE005F766B /* Project object */;
			proxyType = 1;
			remoteGlobalIDString = D35630D41DB5C1CE005F766B;
			remoteInfo = wechat2.0;
		};
/* End PBXContainerItemProxy section */

/* Begin PBXFileReference section */
		D35630D51DB5C1CE005F766B /* wechat2.0.app */ = {isa = PBXFileReference; explicitFileType = wrapper.application; includeInIndex = 0; path = wechat2.0.app; sourceTree = BUILT_PRODUCTS_DIR; };
		D35630D91DB5C1CE005F766B /* main.m */ = {isa = PBXFileReference; lastKnownFileType = sourcecode.c.objc; path = main.m; sourceTree = "<group>"; };
		D35630DB1DB5C1CE005F766B /* AppDelegate.h */ = {isa = PBXFileReference; lastKnownFileType = sourcecode.c.h; path = AppDelegate.h; sourceTree = "<group>"; };
		D35630DC1DB5C1CE005F766B /* AppDelegate.m */ = {isa = PBXFileReference; lastKnownFileType = sourcecode.c.objc; path = AppDelegate.m; sourceTree = "<group>"; };
		D35630DE1DB5C1CE005F766B /* ViewController.h */ = {isa = PBXFileReference; lastKnownFileType = sourcecode.c.h; path = ViewController.h; sourceTree = "<group>"; };
		D35630DF1DB5C1CE005F766B /* ViewController.m */ = {isa = PBXFileReference; lastKnownFileType = sourcecode.c.objc; path = ViewController.m; sourceTree = "<group>"; };
		D35630E21DB5C1CE005F766B /* Base */ = {isa = PBXFileReference; lastKnownFileType = file.storyboard; name = Base; path = Base.lproj/Main.storyboard; sourceTree = "<group>"; };
		D35630E41DB5C1CE005F766B /* Assets.xcassets */ = {isa = PBXFileReference; lastKnownFileType = folder.assetcatalog; path = Assets.xcassets; sourceTree = "<group>"; };
		D35630E71DB5C1CE005F766B /* Base */ = {isa = PBXFileReference; lastKnownFileType = file.storyboard; name = Base; path = Base.lproj/LaunchScreen.storyboard; sourceTree = "<group>"; };
		D35630E91DB5C1CE005F766B /* Info.plist */ = {isa = PBXFileReference; lastKnownFileType = text.plist.xml; path = Info.plist; sourceTree = "<group>"; };
		D35630EE1DB5C1CE005F766B /* wechat2.0UITests.xctest */ = {isa = PBXFileReference; explicitFileType = wrapper.cfbundle; includeInIndex = 0; path = wechat2.0UITests.xctest; sourceTree = BUILT_PRODUCTS_DIR; };
		D35630F21DB5C1CE005F766B /* wechat2_0UITests.m */ = {isa = PBXFileReference; lastKnownFileType = sourcecode.c.objc; path = wechat2_0UITests.m; sourceTree = "<group>"; };
		D35630F41DB5C1CE005F766B /* Info.plist */ = {isa = PBXFileReference; lastKnownFileType = text.plist.xml; path = Info.plist; sourceTree = "<group>"; };
/* End PBXFileReference section */

/* Begin PBXFrameworksBuildPhase section */
		D35630D21DB5C1CE005F766B /* Frameworks */ = {
			isa = PBXFrameworksBuildPhase;
			buildActionMask = 2147483647;
			files = (
			);
			runOnlyForDeploymentPostprocessing = 0;
		};
		D35630EB1DB5C1CE005F766B /* Frameworks */ = {
			isa = PBXFrameworksBuildPhase;
			buildActionMask = 2147483647;
			files = (
			);
			runOnlyForDeploymentPostprocessing = 0;
		};
/* End PBXFrameworksBuildPhase section */

/* Begin PBXGroup section */
		D35630CC1DB5C1CE005F766B = {
			isa = PBXGroup;
			children = (
				D35630D71DB5C1CE005F766B /* wechat2.0 */,
				D35630F11DB5C1CE005F766B /* wechat2.0UITests */,
				D35630D61DB5C1CE005F766B /* Products */,
			);
			sourceTree = "<group>";
		};
		D35630D61DB5C1CE005F766B /* Products */ = {
			isa = PBXGroup;
			children = (
				D35630D51DB5C1CE005F766B /* wechat2.0.app */,
				D35630EE1DB5C1CE005F766B /* wechat2.0UITests.xctest */,
			);
			name = Products;
			sourceTree = "<group>";
		};
		D35630D71DB5C1CE005F766B /* wechat2.0 */ = {
			isa = PBXGroup;
			children = (
				D35630DB1DB5C1CE005F766B /* AppDelegate.h */,
				D35630DC1DB5C1CE005F766B /* AppDelegate.m */,
				D35630DE1DB5C1CE005F766B /* ViewController.h */,
				D35630DF1DB5C1CE005F766B /* ViewController.m */,
				D35630E11DB5C1CE005F766B /* Main.storyboard */,
				D35630E41DB5C1CE005F766B /* Assets.xcassets */,
				D35630E61DB5C1CE005F766B /* LaunchScreen.storyboard */,
				D35630E91DB5C1CE005F766B /* Info.plist */,
				D35630D81DB5C1CE005F766B /* Supporting Files */,
			);
			path = wechat2.0;
			sourceTree = "<group>";
		};
		D35630D81DB5C1CE005F766B /* Supporting Files */ = {
			isa = PBXGroup;
			children = (
				D35630D91DB5C1CE005F766B /* main.m */,
			);
			name = "Supporting Files";
			sourceTree = "<group>";
		};
		D35630F11DB5C1CE005F766B /* wechat2.0UITests */ = {
			isa = PBXGroup;
			children = (
				D35630F21DB5C1CE005F766B /* wechat2_0UITests.m */,
				D35630F41DB5C1CE005F766B /* Info.plist */,
			);
			path = wechat2.0UITests;
			sourceTree = "<group>";
		};
/* End PBXGroup section */

/* Begin PBXNativeTarget section */
		D35630D41DB5C1CE005F766B /* wechat2.0 */ = {
			isa = PBXNativeTarget;
			buildConfigurationList = D35630F71DB5C1CE005F766B /* Build configuration list for PBXNativeTarget "wechat2.0" */;
			buildPhases = (
				D35630D11DB5C1CE005F766B /* Sources */,
				D35630D21DB5C1CE005F766B /* Frameworks */,
				D35630D31DB5C1CE005F766B /* Resources */,
			);
			buildRules = (
			);
			dependencies = (
			);
			name = wechat2.0;
			productName = wechat2.0;
			productReference = D35630D51DB5C1CE005F766B /* wechat2.0.app */;
			productType = "com.apple.product-type.application";
		};
		D35630ED1DB5C1CE005F766B /* wechat2.0UITests */ = {
			isa = PBXNativeTarget;
			buildConfigurationList = D35630FA1DB5C1CE005F766B /* Build configuration list for PBXNativeTarget "wechat2.0UITests" */;
			buildPhases = (
				D35630EA1DB5C1CE005F766B /* Sources */,
				D35630EB1DB5C1CE005F766B /* Frameworks */,
				D35630EC1DB5C1CE005F766B /* Resources */,
			);
			buildRules = (
			);
			dependencies = (
				D35630F01DB5C1CE005F766B /* PBXTargetDependency */,
			);
			name = wechat2.0UITests;
			productName = wechat2.0UITests;
			productReference = D35630EE1DB5C1CE005F766B /* wechat2.0UITests.xctest */;
			productType = "com.apple.product-type.bundle.ui-testing";
		};
/* End PBXNativeTarget section */

/* Begin PBXProject section */
		D35630CD1DB5C1CE005F766B /* Project object */ = {
			isa = PBXProject;
			attributes = {
				LastUpgradeCheck = 0800;
				ORGANIZATIONNAME = "甄翰宏";
				TargetAttributes = {
					D35630D41DB5C1CE005F766B = {
						CreatedOnToolsVersion = 8.0;
						DevelopmentTeam = UD2SD3ELL3;
						ProvisioningStyle = Automatic;
					};
					D35630ED1DB5C1CE005F766B = {
						CreatedOnToolsVersion = 8.0;
						DevelopmentTeam = UD2SD3ELL3;
						ProvisioningStyle = Automatic;
						TestTargetID = D35630D41DB5C1CE005F766B;
					};
				};
			};
			buildConfigurationList = D35630D01DB5C1CE005F766B /* Build configuration list for PBXProject "wechat2.0" */;
			compatibilityVersion = "Xcode 3.2";
			developmentRegion = English;
			hasScannedForEncodings = 0;
			knownRegions = (
				en,
				Base,
			);
			mainGroup = D35630CC1DB5C1CE005F766B;
			productRefGroup = D35630D61DB5C1CE005F766B /* Products */;
			projectDirPath = "";
			projectRoot = "";
			targets = (
				D35630D41DB5C1CE005F766B /* wechat2.0 */,
				D35630ED1DB5C1CE005F766B /* wechat2.0UITests */,
			);
		};
/* End PBXProject section */

/* Begin PBXResourcesBuildPhase section */
		D35630D31DB5C1CE005F766B /* Resources */ = {
			isa = PBXResourcesBuildPhase;
			buildActionMask = 2147483647;
			files = (
				D35630E81DB5C1CE005F766B /* LaunchScreen.storyboard in Resources */,
				D35630E51DB5C1CE005F766B /* Assets.xcassets in Resources */,
				D35630E31DB5C1CE005F766B /* Main.storyboard in Resources */,
			);
			runOnlyForDeploymentPostprocessing = 0;
		};
		D35630EC1DB5C1CE005F766B /* Resources */ = {
			isa = PBXResourcesBuildPhase;
			buildActionMask = 2147483647;
			files = (
			);
			runOnlyForDeploymentPostprocessing = 0;
		};
/* End PBXResourcesBuildPhase section */

/* Begin PBXSourcesBuildPhase section */
		D35630D11DB5C1CE005F766B /* Sources */ = {
			isa = PBXSourcesBuildPhase;
			buildActionMask = 2147483647;
			files = (
				D35630E01DB5C1CE005F766B /* ViewController.m in Sources */,
				D35630DD1DB5C1CE005F766B /* AppDelegate.m in Sources */,
				D35630DA1DB5C1CE005F766B /* main.m in Sources */,
			);
			runOnlyForDeploymentPostprocessing = 0;
		};
		D35630EA1DB5C1CE005F766B /* Sources */ = {
			isa = PBXSourcesBuildPhase;
			buildActionMask = 2147483647;
			files = (
				D35630F31DB5C1CE005F766B /* wechat2_0UITests.m in Sources */,
			);
			runOnlyForDeploymentPostprocessing = 0;
		};
/* End PBXSourcesBuildPhase section */

/* Begin PBXTargetDependency section */
		D35630F01DB5C1CE005F766B /* PBXTargetDependency */ = {
			isa = PBXTargetDependency;
			target = D35630D41DB5C1CE005F766B /* wechat2.0 */;
			targetProxy = D35630EF1DB5C1CE005F766B /* PBXContainerItemProxy */;
		};
/* End PBXTargetDependency section */

/* Begin PBXVariantGroup section */
		D35630E11DB5C1CE005F766B /* Main.storyboard */ = {
			isa = PBXVariantGroup;
			children = (
				D35630E21DB5C1CE005F766B /* Base */,
			);
			name = Main.storyboard;
			sourceTree = "<group>";
		};
		D35630E61DB5C1CE005F766B /* LaunchScreen.storyboard */ = {
			isa = PBXVariantGroup;
			children = (
				D35630E71DB5C1CE005F766B /* Base */,
			);
			name = LaunchScreen.storyboard;
			sourceTree = "<group>";
		};
/* End PBXVariantGroup section */

/* Begin XCBuildConfiguration section */
		D35630F51DB5C1CE005F766B /* Debug */ = {
			isa = XCBuildConfiguration;
			buildSettings = {
				ALWAYS_SEARCH_USER_PATHS = NO;
				CLANG_ANALYZER_NONNULL = YES;
				CLANG_CXX_LANGUAGE_STANDARD = "gnu++0x";
				CLANG_CXX_LIBRARY = "libc++";
				CLANG_ENABLE_MODULES = YES;
				CLANG_ENABLE_OBJC_ARC = YES;
				CLANG_WARN_BOOL_CONVERSION = YES;
				CLANG_WARN_CONSTANT_CONVERSION = YES;
				CLANG_WARN_DIRECT_OBJC_ISA_USAGE = YES_ERROR;
				CLANG_WARN_DOCUMENTATION_COMMENTS = YES;
				CLANG_WARN_EMPTY_BODY = YES;
				CLANG_WARN_ENUM_CONVERSION = YES;
				CLANG_WARN_INFINITE_RECURSION = YES;
				CLANG_WARN_INT_CONVERSION = YES;
				CLANG_WARN_OBJC_ROOT_CLASS = YES_ERROR;
				CLANG_WARN_SUSPICIOUS_MOVES = YES;
				CLANG_WARN_UNREACHABLE_CODE = YES;
				CLANG_WARN__DUPLICATE_METHOD_MATCH = YES;
				"CODE_SIGN_IDENTITY[sdk=iphoneos*]" = "iPhone Developer";
				COPY_PHASE_STRIP = NO;
				DEBUG_INFORMATION_FORMAT = dwarf;
				ENABLE_STRICT_OBJC_MSGSEND = YES;
				ENABLE_TESTABILITY = YES;
				GCC_C_LANGUAGE_STANDARD = gnu99;
				GCC_DYNAMIC_NO_PIC = NO;
				GCC_NO_COMMON_BLOCKS = YES;
				GCC_OPTIMIZATION_LEVEL = 0;
				GCC_PREPROCESSOR_DEFINITIONS = (
					"DEBUG=1",
					"$(inherited)",
				);
				GCC_WARN_64_TO_32_BIT_CONVERSION = YES;
				GCC_WARN_ABOUT_RETURN_TYPE = YES_ERROR;
				GCC_WARN_UNDECLARED_SELECTOR = YES;
				GCC_WARN_UNINITIALIZED_AUTOS = YES_AGGRESSIVE;
				GCC_WARN_UNUSED_FUNCTION = YES;
				GCC_WARN_UNUSED_VARIABLE = YES;
				IPHONEOS_DEPLOYMENT_TARGET = 10.0;
				MTL_ENABLE_DEBUG_INFO = YES;
				ONLY_ACTIVE_ARCH = YES;
				SDKROOT = iphoneos;
				TARGETED_DEVICE_FAMILY = "1,2";
			};
			name = Debug;
		};
		D35630F61DB5C1CE005F766B /* Release */ = {
			isa = XCBuildConfiguration;
			buildSettings = {
				ALWAYS_SEARCH_USER_PATHS = NO;
				CLANG_ANALYZER_NONNULL = YES;
				CLANG_CXX_LANGUAGE_STANDARD = "gnu++0x";
				CLANG_CXX_LIBRARY = "libc++";
				CLANG_ENABLE_MODULES = YES;
				CLANG_ENABLE_OBJC_ARC = YES;
				CLANG_WARN_BOOL_CONVERSION = YES;
				CLANG_WARN_CONSTANT_CONVERSION = YES;
				CLANG_WARN_DIRECT_OBJC_ISA_USAGE = YES_ERROR;
				CLANG_WARN_DOCUMENTATION_COMMENTS = YES;
				CLANG_WARN_EMPTY_BODY = YES;
				CLANG_WARN_ENUM_CONVERSION = YES;
				CLANG_WARN_INFINITE_RECURSION = YES;
				CLANG_WARN_INT_CONVERSION = YES;
				CLANG_WARN_OBJC_ROOT_CLASS = YES_ERROR;
				CLANG_WARN_SUSPICIOUS_MOVES = YES;
				CLANG_WARN_UNREACHABLE_CODE = YES;
				CLANG_WARN__DUPLICATE_METHOD_MATCH = YES;
				"CODE_SIGN_IDENTITY[sdk=iphoneos*]" = "iPhone Developer";
				COPY_PHASE_STRIP = NO;
				DEBUG_INFORMATION_FORMAT = "dwarf-with-dsym";
				ENABLE_NS_ASSERTIONS = NO;
				ENABLE_STRICT_OBJC_MSGSEND = YES;
				GCC_C_LANGUAGE_STANDARD = gnu99;
				GCC_NO_COMMON_BLOCKS = YES;
				GCC_WARN_64_TO_32_BIT_CONVERSION = YES;
				GCC_WARN_ABOUT_RETURN_TYPE = YES_ERROR;
				GCC_WARN_UNDECLARED_SELECTOR = YES;
				GCC_WARN_UNINITIALIZED_AUTOS = YES_AGGRESSIVE;
				GCC_WARN_UNUSED_FUNCTION = YES;
				GCC_WARN_UNUSED_VARIABLE = YES;
				IPHONEOS_DEPLOYMENT_TARGET = 10.0;
				MTL_ENABLE_DEBUG_INFO = NO;
				SDKROOT = iphoneos;
				TARGETED_DEVICE_FAMILY = "1,2";
				VALIDATE_PRODUCT = YES;
			};
			name = Release;
		};
		D35630F81DB5C1CE005F766B /* Debug */ = {
			isa = XCBuildConfiguration;
			buildSettings = {
				ASSETCATALOG_COMPILER_APPICON_NAME = AppIcon;
				DEVELOPMENT_TEAM = UD2SD3ELL3;
				INFOPLIST_FILE = wechat2.0/Info.plist;
				LD_RUNPATH_SEARCH_PATHS = "$(inherited) @executable_path/Frameworks";
				PRODUCT_BUNDLE_IDENTIFIER = "com.vedio.wechat2-0";
				PRODUCT_NAME = "$(TARGET_NAME)";
			};
			name = Debug;
		};
		D35630F91DB5C1CE005F766B /* Release */ = {
			isa = XCBuildConfiguration;
			buildSettings = {
				ASSETCATALOG_COMPILER_APPICON_NAME = AppIcon;
				DEVELOPMENT_TEAM = UD2SD3ELL3;
				INFOPLIST_FILE = wechat2.0/Info.plist;
				LD_RUNPATH_SEARCH_PATHS = "$(inherited) @executable_path/Frameworks";
				PRODUCT_BUNDLE_IDENTIFIER = "com.vedio.wechat2-0";
				PRODUCT_NAME = "$(TARGET_NAME)";
			};
			name = Release;
		};
		D35630FB1DB5C1CE005F766B /* Debug */ = {
			isa = XCBuildConfiguration;
			buildSettings = {
				DEVELOPMENT_TEAM = UD2SD3ELL3;
				INFOPLIST_FILE = wechat2.0UITests/Info.plist;
				LD_RUNPATH_SEARCH_PATHS = "$(inherited) @executable_path/Frameworks @loader_path/Frameworks";
				PRODUCT_BUNDLE_IDENTIFIER = "com.vedio.wechat2-0UITests";
				PRODUCT_NAME = "$(TARGET_NAME)";
				TEST_TARGET_NAME = wechat2.0;
			};
			name = Debug;
		};
		D35630FC1DB5C1CE005F766B /* Release */ = {
			isa = XCBuildConfiguration;
			buildSettings = {
				DEVELOPMENT_TEAM = UD2SD3ELL3;
				INFOPLIST_FILE = wechat2.0UITests/Info.plist;
				LD_RUNPATH_SEARCH_PATHS = "$(inherited) @executable_path/Frameworks @loader_path/Frameworks";
				PRODUCT_BUNDLE_IDENTIFIER = "com.vedio.wechat2-0UITests";
				PRODUCT_NAME = "$(TARGET_NAME)";
				TEST_TARGET_NAME = wechat2.0;
			};
			name = Release;
		};
/* End XCBuildConfiguration section */

/* Begin XCConfigurationList section */
		D35630D01DB5C1CE005F766B /* Build configuration list for PBXProject "wechat2.0" */ = {
			isa = XCConfigurationList;
			buildConfigurations = (
				D35630F51DB5C1CE005F766B /* Debug */,
				D35630F61DB5C1CE005F766B /* Release */,
			);
			defaultConfigurationIsVisible = 0;
			defaultConfigurationName = Release;
		};
		D35630F71DB5C1CE005F766B /* Build configuration list for PBXNativeTarget "wechat2.0" */ = {
			isa = XCConfigurationList;
			buildConfigurations = (
				D35630F81DB5C1CE005F766B /* Debug */,
				D35630F91DB5C1CE005F766B /* Release */,
			);
			defaultConfigurationIsVisible = 0;
		};
		D35630FA1DB5C1CE005F766B /* Build configuration list for PBXNativeTarget "wechat2.0UITests" */ = {
			isa = XCConfigurationList;
			buildConfigurations = (
				D35630FB1DB5C1CE005F766B /* Debug */,
				D35630FC1DB5C1CE005F766B /* Release */,
			);
			defaultConfigurationIsVisible = 0;
		};
/* End XCConfigurationList section */
	};
	rootObject = D35630CD1DB5C1CE005F766B /* Project object */;
}
